
Microsoft Visual Studio Solution File, Format Version 12.00
# Visual Studio Version 17
VisualStudioVersion = 17.0.31912.275
MinimumVisualStudioVersion = 10.0.40219.1
Project("{9A19103F-16F7-4668-BE54-9A1E7A4F7556}") = "GitsCommander", "GitsCommander\GitsCommander.csproj", "{0A02C0C5-E740-4434-910D-B8B2A1DB7D96}"
EndProject
Project("{2150E333-8FDC-42A3-9474-1A3956D46DE8}") = "Solution Items", "Solution Items", "{329B4A7E-9EAB-47EC-B912-CFAE6883BDAB}"
	ProjectSection(SolutionItems) = preProject
		README.md = README.md
	EndProjectSection
EndProject
Global
	GlobalSection(SolutionConfigurationPlatforms) = preSolution
		Debug|Any CPU = Debug|Any CPU
		Release|Any CPU = Release|Any CPU
	EndGlobalSection
	GlobalSection(ProjectConfigurationPlatforms) = postSolution
		{0A02C0C5-E740-4434-910D-B8B2A1DB7D96}.Debug|Any CPU.ActiveCfg = Debug|Any CPU
		{0A02C0C5-E740-4434-910D-B8B2A1DB7D96}.Debug|Any CPU.Build.0 = Debug|Any CPU
		{0A02C0C5-E740-4434-910D-B8B2A1DB7D96}.Release|Any CPU.ActiveCfg = Release|Any CPU
		{0A02C0C5-E740-4434-910D-B8B2A1DB7D96}.Release|Any CPU.Build.0 = Release|Any CPU
	EndGlobalSection
	GlobalSection(SolutionProperties) = preSolution
		HideSolutionNode = FALSE
	EndGlobalSection
	GlobalSection(ExtensibilityGlobals) = postSolution
		SolutionGuid = {9E366D48-8121-45FC-8DC4-A0CC819ABA57}
	EndGlobalSection
EndGlobal
